
Microsoft Visual Studio Solution File, Format Version 12.00
# Visual Studio Version 17
VisualStudioVersion = 17.6.33829.357
MinimumVisualStudioVersion = 10.0.40219.1
Project("{8BC9CEB8-8B4A-11D0-8D11-00A0C91BC942}") = "OJ-Judger", "OJ-Judger\OJ-Judger.vcxproj", "{7CDC9E24-CBB4-45F3-AE89-E684F6B01457}"
EndProject
Project("{8BC9CEB8-8B4A-11D0-8D11-00A0C91BC942}") = "DBTools", "DBTools\DBTools.vcxproj", "{DA2B3C93-A56C-4C77-9DAB-20CF174829ED}"
EndProject
Project("{2150E333-8FDC-42A3-9474-1A3956D46DE8}") = "Tools", "Tools", "{9E79B12C-7358-4E7A-88BC-810C5E6DFF36}"
EndProject
Global
	GlobalSection(SolutionConfigurationPlatforms) = preSolution
		Debug|x64 = Debug|x64
		Debug|x86 = Debug|x86
		Release|x64 = Release|x64
		Release|x86 = Release|x86
	EndGlobalSection
	GlobalSection(ProjectConfigurationPlatforms) = postSolution
		{7CDC9E24-CBB4-45F3-AE89-E684F6B01457}.Debug|x64.ActiveCfg = Debug|x64
		{7CDC9E24-CBB4-45F3-AE89-E684F6B01457}.Debug|x64.Build.0 = Debug|x64
		{7CDC9E24-CBB4-45F3-AE89-E684F6B01457}.Debug|x86.ActiveCfg = Debug|Win32
		{7CDC9E24-CBB4-45F3-AE89-E684F6B01457}.Debug|x86.Build.0 = Debug|Win32
		{7CDC9E24-CBB4-45F3-AE89-E684F6B01457}.Release|x64.ActiveCfg = Release|x64
		{7CDC9E24-CBB4-45F3-AE89-E684F6B01457}.Release|x64.Build.0 = Release|x64
		{7CDC9E24-CBB4-45F3-AE89-E684F6B01457}.Release|x86.ActiveCfg = Release|Win32
		{7CDC9E24-CBB4-45F3-AE89-E684F6B01457}.Release|x86.Build.0 = Release|Win32
		{DA2B3C93-A56C-4C77-9DAB-20CF174829ED}.Debug|x64.ActiveCfg = Debug|x64
		{DA2B3C93-A56C-4C77-9DAB-20CF174829ED}.Debug|x64.Build.0 = Debug|x64
		{DA2B3C93-A56C-4C77-9DAB-20CF174829ED}.Debug|x86.ActiveCfg = Debug|Win32
		{DA2B3C93-A56C-4C77-9DAB-20CF174829ED}.Debug|x86.Build.0 = Debug|Win32
		{DA2B3C93-A56C-4C77-9DAB-20CF174829ED}.Release|x64.ActiveCfg = Release|x64
		{DA2B3C93-A56C-4C77-9DAB-20CF174829ED}.Release|x64.Build.0 = Release|x64
		{DA2B3C93-A56C-4C77-9DAB-20CF174829ED}.Release|x86.ActiveCfg = Release|Win32
		{DA2B3C93-A56C-4C77-9DAB-20CF174829ED}.Release|x86.Build.0 = Release|Win32
	EndGlobalSection
	GlobalSection(SolutionProperties) = preSolution
		HideSolutionNode = FALSE
	EndGlobalSection
	GlobalSection(NestedProjects) = preSolution
		{DA2B3C93-A56C-4C77-9DAB-20CF174829ED} = {9E79B12C-7358-4E7A-88BC-810C5E6DFF36}
	EndGlobalSection
	GlobalSection(ExtensibilityGlobals) = postSolution
		SolutionGuid = {EEE1437F-FE1C-4230-B7D0-A47885AE961E}
	EndGlobalSection
EndGlobal
